
Microsoft Visual Studio Solution File, Format Version 12.00
# Visual Studio 15
Project("{FAE04EC0-301F-11D3-BF4B-00C04F79EFBC}") = "RelJEnterpriseEventsApp", "RelJEnterpriseEventsApp\RelJEnterpriseEventsApp.csproj", "{79D396C3-FCC0-4EA6-8C67-1E6684F324C3}"
EndProject
Global
	GlobalSection(SolutionConfigurationPlatforms) = preSolution
		Debug|Any CPU = Debug|Any CPU
		Release|Any CPU = Release|Any CPU
	EndGlobalSection
	GlobalSection(ProjectConfigurationPlatforms) = postSolution
		{79D396C3-FCC0-4EA6-8C67-1E6684F324C3}.Debug|Any CPU.ActiveCfg = Debug|Any CPU
		{79D396C3-FCC0-4EA6-8C67-1E6684F324C3}.Debug|Any CPU.Build.0 = Debug|Any CPU
		{79D396C3-FCC0-4EA6-8C67-1E6684F324C3}.Release|Any CPU.ActiveCfg = Release|Any CPU
		{79D396C3-FCC0-4EA6-8C67-1E6684F324C3}.Release|Any CPU.Build.0 = Release|Any CPU
	EndGlobalSection
EndGlobal
